
Microsoft Visual Studio Solution File, Format Version 12.00
# Visual Studio Version 16
VisualStudioVersion = 16.0.31112.23
MinimumVisualStudioVersion = 10.0.40219.1
Project("{FAE04EC0-301F-11D3-BF4B-00C04F79EFBC}") = "ChartCtrl", "ChartCtrl\ChartCtrl.csproj", "{9C7138E8-1540-492C-AAC2-3FEB96A77596}"
EndProject
Project("{FAE04EC0-301F-11D3-BF4B-00C04F79EFBC}") = "VisionAsset.HTS", "VisionAsset.HTS\VisionAsset.HTS.csproj", "{86DA335B-D929-4A88-8865-CCD2C42CC027}"
EndProject
Project("{FAE04EC0-301F-11D3-BF4B-00C04F79EFBC}") = "LuckyFutureHt", "LuckyFutureHt\LuckyFutureHt.csproj", "{FCB91A59-3804-4633-92AC-CC3F0492664D}"
EndProject
Project("{FAE04EC0-301F-11D3-BF4B-00C04F79EFBC}") = "LuckyFutureLib", "LuckyFutureLib\LuckyFutureLib.csproj", "{3D29E089-9D9C-4B84-8CCC-B02013DEC522}"
EndProject
Global
	GlobalSection(SolutionConfigurationPlatforms) = preSolution
		Debug|Any CPU = Debug|Any CPU
		Release|Any CPU = Release|Any CPU
	EndGlobalSection
	GlobalSection(ProjectConfigurationPlatforms) = postSolution
		{9C7138E8-1540-492C-AAC2-3FEB96A77596}.Debug|Any CPU.ActiveCfg = Debug|Any CPU
		{9C7138E8-1540-492C-AAC2-3FEB96A77596}.Debug|Any CPU.Build.0 = Debug|Any CPU
		{9C7138E8-1540-492C-AAC2-3FEB96A77596}.Release|Any CPU.ActiveCfg = Release|Any CPU
		{9C7138E8-1540-492C-AAC2-3FEB96A77596}.Release|Any CPU.Build.0 = Release|Any CPU
		{86DA335B-D929-4A88-8865-CCD2C42CC027}.Debug|Any CPU.ActiveCfg = Debug|Any CPU
		{86DA335B-D929-4A88-8865-CCD2C42CC027}.Debug|Any CPU.Build.0 = Debug|Any CPU
		{86DA335B-D929-4A88-8865-CCD2C42CC027}.Release|Any CPU.ActiveCfg = Release|Any CPU
		{86DA335B-D929-4A88-8865-CCD2C42CC027}.Release|Any CPU.Build.0 = Release|Any CPU
		{FCB91A59-3804-4633-92AC-CC3F0492664D}.Debug|Any CPU.ActiveCfg = Debug|Any CPU
		{FCB91A59-3804-4633-92AC-CC3F0492664D}.Debug|Any CPU.Build.0 = Debug|Any CPU
		{FCB91A59-3804-4633-92AC-CC3F0492664D}.Release|Any CPU.ActiveCfg = Release|Any CPU
		{FCB91A59-3804-4633-92AC-CC3F0492664D}.Release|Any CPU.Build.0 = Release|Any CPU
		{3D29E089-9D9C-4B84-8CCC-B02013DEC522}.Debug|Any CPU.ActiveCfg = Debug|Any CPU
		{3D29E089-9D9C-4B84-8CCC-B02013DEC522}.Debug|Any CPU.Build.0 = Debug|Any CPU
		{3D29E089-9D9C-4B84-8CCC-B02013DEC522}.Release|Any CPU.ActiveCfg = Release|Any CPU
		{3D29E089-9D9C-4B84-8CCC-B02013DEC522}.Release|Any CPU.Build.0 = Release|Any CPU
	EndGlobalSection
	GlobalSection(SolutionProperties) = preSolution
		HideSolutionNode = FALSE
	EndGlobalSection
	GlobalSection(ExtensibilityGlobals) = postSolution
		SolutionGuid = {7ADDE4ED-DF78-49BF-BB6A-830CEBA34222}
	EndGlobalSection
EndGlobal
